---
- name: Add domain to etc/hosts
  lineinfile:
    dest: /etc/hosts
    regexp: '^127.0.0.1 {{ sc2pte_production_domain }}$'
    line: "127.0.0.1\t{{ sc2pte_production_domain }}"
  become: true

- name: Install nginx block for default site to pass cert generation
  template:
    src: etc/nginx/sites-enabled/nginx-http.j2
    dest: /etc/nginx/sites-enabled/{{ sc2pte_production_domain }}-http
  become: true

- name: Reload nginx to activate sites
  service:
    name: nginx
    state: restarted
  become: true

- name: Create letsencrypt certificate
  shell: letsencrypt certonly -n --webroot -w /var/www/letsencrypt -m {{ sc2pte_letsencrypt_email }} --agree-tos -d {{ sc2pte_production_domain }}
  args:
    creates: /etc/letsencrypt/live/{{ sc2pte_production_domain }}
  become: true

- name: Generate dhparams
  shell: openssl dhparam -out /etc/nginx/dhparams.pem 2048
  args:
    creates: /etc/nginx/dhparams.pem

- name: Install nginx block for HTTPS site
  template:
    src: etc/nginx/sites-enabled/nginx-https.j2
    dest: /etc/nginx/sites-enabled/{{ sc2pte_production_domain }}-https
  become: true

- name: Reload nginx to activate site
  service:
    name: nginx
    state: restarted
  become: true

- name: Add letsencrypt cronjob for cert renewal
  cron:
    name: letsencrypt_renewal
    special_time: weekly
    job: letsencrypt --renew certonly -n --webroot -w /var/www/letsencrypt -m {{ sc2pte_letsencrypt_email }} --agree-tos -d {{ sc2pte_production_domain }} && service nginx reload
  become: true